// !$*UTF8*$!
{
	archiveVersion = 1;
	classes = {
	};
	objectVersion = 56;
	objects = {

/* Begin PBXBuildFile section */
		2301C70C2B90D5AD00343EC6 /* .gitignore in Resources */ = {isa = PBXBuildFile; fileRef = 2301C70B2B90D5AD00343EC6 /* .gitignore */; };
		235D32452B3AAEB700C57F5D /* SwiftUIView.swift in Sources */ = {isa = PBXBuildFile; fileRef = 235D32442B3AAEB700C57F5D /* SwiftUIView.swift */; };
		236FA7702B1D4358009D25BD /* CarouselView.swift in Sources */ = {isa = PBXBuildFile; fileRef = 236FA76F2B1D4358009D25BD /* CarouselView.swift */; };
		23A3EB522B2A096E00E2EF44 /* AnimationTest.swift in Sources */ = {isa = PBXBuildFile; fileRef = 23A3EB512B2A096E00E2EF44 /* AnimationTest.swift */; };
		23AB63252B09943600F4481F /* SwiftUI_Custom_Card_CarouselsApp.swift in Sources */ = {isa = PBXBuildFile; fileRef = 23AB63242B09943600F4481F /* SwiftUI_Custom_Card_CarouselsApp.swift */; };
		23AB63272B09943600F4481F /* ContentView.swift in Sources */ = {isa = PBXBuildFile; fileRef = 23AB63262B09943600F4481F /* ContentView.swift */; };
		23AB63292B09943700F4481F /* Assets.xcassets in Resources */ = {isa = PBXBuildFile; fileRef = 23AB63282B09943700F4481F /* Assets.xcassets */; };
		23AB632C2B09943700F4481F /* Preview Assets.xcassets in Resources */ = {isa = PBXBuildFile; fileRef = 23AB632B2B09943700F4481F /* Preview Assets.xcassets */; };
		23D24FC72B3251E7009CA083 /* DynamicCarouselWithCards.swift in Sources */ = {isa = PBXBuildFile; fileRef = 23D24FC62B3251E7009CA083 /* DynamicCarouselWithCards.swift */; };
		23D24FC92B325515009CA083 /* CardInfo.swift in Sources */ = {isa = PBXBuildFile; fileRef = 23D24FC82B325515009CA083 /* CardInfo.swift */; };
		23D54AA22B2815270029199F /* PostAppearAnimationCarouselView.swift in Sources */ = {isa = PBXBuildFile; fileRef = 23D54AA12B2815270029199F /* PostAppearAnimationCarouselView.swift */; };
/* End PBXBuildFile section */

/* Begin PBXFileReference section */
		2301C70B2B90D5AD00343EC6 /* .gitignore */ = {isa = PBXFileReference; lastKnownFileType = text; path = .gitignore; sourceTree = "<group>"; };
		235D32442B3AAEB700C57F5D /* SwiftUIView.swift */ = {isa = PBXFileReference; lastKnownFileType = sourcecode.swift; path = SwiftUIView.swift; sourceTree = "<group>"; };
		236FA76F2B1D4358009D25BD /* CarouselView.swift */ = {isa = PBXFileReference; lastKnownFileType = sourcecode.swift; path = CarouselView.swift; sourceTree = "<group>"; };
		23A3EB512B2A096E00E2EF44 /* AnimationTest.swift */ = {isa = PBXFileReference; lastKnownFileType = sourcecode.swift; path = AnimationTest.swift; sourceTree = "<group>"; };
		23AB63212B09943600F4481F /* SwiftUI_Custom_Card_Carousels.app */ = {isa = PBXFileReference; explicitFileType = wrapper.application; includeInIndex = 0; path = SwiftUI_Custom_Card_Carousels.app; sourceTree = BUILT_PRODUCTS_DIR; };
		23AB63242B09943600F4481F /* SwiftUI_Custom_Card_CarouselsApp.swift */ = {isa = PBXFileReference; lastKnownFileType = sourcecode.swift; path = SwiftUI_Custom_Card_CarouselsApp.swift; sourceTree = "<group>"; };
		23AB63262B09943600F4481F /* ContentView.swift */ = {isa = PBXFileReference; lastKnownFileType = sourcecode.swift; path = ContentView.swift; sourceTree = "<group>"; };
		23AB63282B09943700F4481F /* Assets.xcassets */ = {isa = PBXFileReference; lastKnownFileType = folder.assetcatalog; path = Assets.xcassets; sourceTree = "<group>"; };
		23AB632B2B09943700F4481F /* Preview Assets.xcassets */ = {isa = PBXFileReference; lastKnownFileType = folder.assetcatalog; path = "Preview Assets.xcassets"; sourceTree = "<group>"; };
		23D24FC62B3251E7009CA083 /* DynamicCarouselWithCards.swift */ = {isa = PBXFileReference; lastKnownFileType = sourcecode.swift; path = DynamicCarouselWithCards.swift; sourceTree = "<group>"; };
		23D24FC82B325515009CA083 /* CardInfo.swift */ = {isa = PBXFileReference; lastKnownFileType = sourcecode.swift; path = CardInfo.swift; sourceTree = "<group>"; };
		23D54AA12B2815270029199F /* PostAppearAnimationCarouselView.swift */ = {isa = PBXFileReference; lastKnownFileType = sourcecode.swift; path = PostAppearAnimationCarouselView.swift; sourceTree = "<group>"; };
/* End PBXFileReference section */

/* Begin PBXFrameworksBuildPhase section */
		23AB631E2B09943600F4481F /* Frameworks */ = {
			isa = PBXFrameworksBuildPhase;
			buildActionMask = 2147483647;
			files = (
			);
			runOnlyForDeploymentPostprocessing = 0;
		};
/* End PBXFrameworksBuildPhase section */

/* Begin PBXGroup section */
		23AB63182B09943600F4481F = {
			isa = PBXGroup;
			children = (
				2301C70B2B90D5AD00343EC6 /* .gitignore */,
				23AB63232B09943600F4481F /* SwiftUI_Custom_Card_Carousels */,
				23AB63222B09943600F4481F /* Products */,
			);
			sourceTree = "<group>";
		};
		23AB63222B09943600F4481F /* Products */ = {
			isa = PBXGroup;
			children = (
				23AB63212B09943600F4481F /* SwiftUI_Custom_Card_Carousels.app */,
			);
			name = Products;
			sourceTree = "<group>";
		};
		23AB63232B09943600F4481F /* SwiftUI_Custom_Card_Carousels */ = {
			isa = PBXGroup;
			children = (
				23AB63242B09943600F4481F /* SwiftUI_Custom_Card_CarouselsApp.swift */,
				23AB63262B09943600F4481F /* ContentView.swift */,
				23AB63282B09943700F4481F /* Assets.xcassets */,
				23AB632A2B09943700F4481F /* Preview Content */,
				236FA76F2B1D4358009D25BD /* CarouselView.swift */,
				23D54AA12B2815270029199F /* PostAppearAnimationCarouselView.swift */,
				23D24FC62B3251E7009CA083 /* DynamicCarouselWithCards.swift */,
				23A3EB512B2A096E00E2EF44 /* AnimationTest.swift */,
				23D24FC82B325515009CA083 /* CardInfo.swift */,
				235D32442B3AAEB700C57F5D /* SwiftUIView.swift */,
			);
			path = SwiftUI_Custom_Card_Carousels;
			sourceTree = "<group>";
		};
		23AB632A2B09943700F4481F /* Preview Content */ = {
			isa = PBXGroup;
			children = (
				23AB632B2B09943700F4481F /* Preview Assets.xcassets */,
			);
			path = "Preview Content";
			sourceTree = "<group>";
		};
/* End PBXGroup section */

/* Begin PBXNativeTarget section */
		23AB63202B09943600F4481F /* SwiftUI_Custom_Card_Carousels */ = {
			isa = PBXNativeTarget;
			buildConfigurationList = 23AB632F2B09943700F4481F /* Build configuration list for PBXNativeTarget "SwiftUI_Custom_Card_Carousels" */;
			buildPhases = (
				23AB631D2B09943600F4481F /* Sources */,
				23AB631E2B09943600F4481F /* Frameworks */,
				23AB631F2B09943600F4481F /* Resources */,
			);
			buildRules = (
			);
			dependencies = (
			);
			name = SwiftUI_Custom_Card_Carousels;
			productName = SwiftUI_Custom_Card_Carousels;
			productReference = 23AB63212B09943600F4481F /* SwiftUI_Custom_Card_Carousels.app */;
			productType = "com.apple.product-type.application";
		};
/* End PBXNativeTarget section */

/* Begin PBXProject section */
		23AB63192B09943600F4481F /* Project object */ = {
			isa = PBXProject;
			attributes = {
				BuildIndependentTargetsInParallel = 1;
				LastSwiftUpdateCheck = 1420;
				LastUpgradeCheck = 1420;
				TargetAttributes = {
					23AB63202B09943600F4481F = {
						CreatedOnToolsVersion = 14.2;
					};
				};
			};
			buildConfigurationList = 23AB631C2B09943600F4481F /* Build configuration list for PBXProject "SwiftUI_Custom_Card_Carousels" */;
			compatibilityVersion = "Xcode 14.0";
			developmentRegion = en;
			hasScannedForEncodings = 0;
			knownRegions = (
				en,
				Base,
			);
			mainGroup = 23AB63182B09943600F4481F;
			productRefGroup = 23AB63222B09943600F4481F /* Products */;
			projectDirPath = "";
			projectRoot = "";
			targets = (
				23AB63202B09943600F4481F /* SwiftUI_Custom_Card_Carousels */,
			);
		};
/* End PBXProject section */

/* Begin PBXResourcesBuildPhase section */
		23AB631F2B09943600F4481F /* Resources */ = {
			isa = PBXResourcesBuildPhase;
			buildActionMask = 2147483647;
			files = (
				23AB632C2B09943700F4481F /* Preview Assets.xcassets in Resources */,
				2301C70C2B90D5AD00343EC6 /* .gitignore in Resources */,
				23AB63292B09943700F4481F /* Assets.xcassets in Resources */,
			);
			runOnlyForDeploymentPostprocessing = 0;
		};
/* End PBXResourcesBuildPhase section */

/* Begin PBXSourcesBuildPhase section */
		23AB631D2B09943600F4481F /* Sources */ = {
			isa = PBXSourcesBuildPhase;
			buildActionMask = 2147483647;
			files = (
				23A3EB522B2A096E00E2EF44 /* AnimationTest.swift in Sources */,
				23D54AA22B2815270029199F /* PostAppearAnimationCarouselView.swift in Sources */,
				235D32452B3AAEB700C57F5D /* SwiftUIView.swift in Sources */,
				23AB63272B09943600F4481F /* ContentView.swift in Sources */,
				236FA7702B1D4358009D25BD /* CarouselView.swift in Sources */,
				23AB63252B09943600F4481F /* SwiftUI_Custom_Card_CarouselsApp.swift in Sources */,
				23D24FC72B3251E7009CA083 /* DynamicCarouselWithCards.swift in Sources */,
				23D24FC92B325515009CA083 /* CardInfo.swift in Sources */,
			);
			runOnlyForDeploymentPostprocessing = 0;
		};
/* End PBXSourcesBuildPhase section */

/* Begin XCBuildConfiguration section */
		23AB632D2B09943700F4481F /* Debug */ = {
			isa = XCBuildConfiguration;
			buildSettings = {
				ALWAYS_SEARCH_USER_PATHS = NO;
				CLANG_ANALYZER_NONNULL = YES;
				CLANG_ANALYZER_NUMBER_OBJECT_CONVERSION = YES_AGGRESSIVE;
				CLANG_CXX_LANGUAGE_STANDARD = "gnu++20";
				CLANG_ENABLE_MODULES = YES;
				CLANG_ENABLE_OBJC_ARC = YES;
				CLANG_ENABLE_OBJC_WEAK = YES;
				CLANG_WARN_BLOCK_CAPTURE_AUTORELEASING = YES;
				CLANG_WARN_BOOL_CONVERSION = YES;
				CLANG_WARN_COMMA = YES;
				CLANG_WARN_CONSTANT_CONVERSION = YES;
				CLANG_WARN_DEPRECATED_OBJC_IMPLEMENTATIONS = YES;
				CLANG_WARN_DIRECT_OBJC_ISA_USAGE = YES_ERROR;
				CLANG_WARN_DOCUMENTATION_COMMENTS = YES;
				CLANG_WARN_EMPTY_BODY = YES;
				CLANG_WARN_ENUM_CONVERSION = YES;
				CLANG_WARN_INFINITE_RECURSION = YES;
				CLANG_WARN_INT_CONVERSION = YES;
				CLANG_WARN_NON_LITERAL_NULL_CONVERSION = YES;
				CLANG_WARN_OBJC_IMPLICIT_RETAIN_SELF = YES;
				CLANG_WARN_OBJC_LITERAL_CONVERSION = YES;
				CLANG_WARN_OBJC_ROOT_CLASS = YES_ERROR;
				CLANG_WARN_QUOTED_INCLUDE_IN_FRAMEWORK_HEADER = YES;
				CLANG_WARN_RANGE_LOOP_ANALYSIS = YES;
				CLANG_WARN_STRICT_PROTOTYPES = YES;
				CLANG_WARN_SUSPICIOUS_MOVE = YES;
				CLANG_WARN_UNGUARDED_AVAILABILITY = YES_AGGRESSIVE;
				CLANG_WARN_UNREACHABLE_CODE = YES;
				CLANG_WARN__DUPLICATE_METHOD_MATCH = YES;
				COPY_PHASE_STRIP = NO;
				DEBUG_INFORMATION_FORMAT = dwarf;
				ENABLE_STRICT_OBJC_MSGSEND = YES;
				ENABLE_TESTABILITY = YES;
				GCC_C_LANGUAGE_STANDARD = gnu11;
				GCC_DYNAMIC_NO_PIC = NO;
				GCC_NO_COMMON_BLOCKS = YES;
				GCC_OPTIMIZATION_LEVEL = 0;
				GCC_PREPROCESSOR_DEFINITIONS = (
					"DEBUG=1",
					"$(inherited)",
				);
				GCC_WARN_64_TO_32_BIT_CONVERSION = YES;
				GCC_WARN_ABOUT_RETURN_TYPE = YES_ERROR;
				GCC_WARN_UNDECLARED_SELECTOR = YES;
				GCC_WARN_UNINITIALIZED_AUTOS = YES_AGGRESSIVE;
				GCC_WARN_UNUSED_FUNCTION = YES;
				GCC_WARN_UNUSED_VARIABLE = YES;
				IPHONEOS_DEPLOYMENT_TARGET = 16.2;
				MTL_ENABLE_DEBUG_INFO = INCLUDE_SOURCE;
				MTL_FAST_MATH = YES;
				ONLY_ACTIVE_ARCH = YES;
				SDKROOT = iphoneos;
				SWIFT_ACTIVE_COMPILATION_CONDITIONS = DEBUG;
				SWIFT_OPTIMIZATION_LEVEL = "-Onone";
			};
			name = Debug;
		};
		23AB632E2B09943700F4481F /* Release */ = {
			isa = XCBuildConfiguration;
			buildSettings = {
				ALWAYS_SEARCH_USER_PATHS = NO;
				CLANG_ANALYZER_NONNULL = YES;
				CLANG_ANALYZER_NUMBER_OBJECT_CONVERSION = YES_AGGRESSIVE;
				CLANG_CXX_LANGUAGE_STANDARD = "gnu++20";
				CLANG_ENABLE_MODULES = YES;
				CLANG_ENABLE_OBJC_ARC = YES;
				CLANG_ENABLE_OBJC_WEAK = YES;
				CLANG_WARN_BLOCK_CAPTURE_AUTORELEASING = YES;
				CLANG_WARN_BOOL_CONVERSION = YES;
				CLANG_WARN_COMMA = YES;
				CLANG_WARN_CONSTANT_CONVERSION = YES;
				CLANG_WARN_DEPRECATED_OBJC_IMPLEMENTATIONS = YES;
				CLANG_WARN_DIRECT_OBJC_ISA_USAGE = YES_ERROR;
				CLANG_WARN_DOCUMENTATION_COMMENTS = YES;
				CLANG_WARN_EMPTY_BODY = YES;
				CLANG_WARN_ENUM_CONVERSION = YES;
				CLANG_WARN_INFINITE_RECURSION = YES;
				CLANG_WARN_INT_CONVERSION = YES;
				CLANG_WARN_NON_LITERAL_NULL_CONVERSION = YES;
				CLANG_WARN_OBJC_IMPLICIT_RETAIN_SELF = YES;
				CLANG_WARN_OBJC_LITERAL_CONVERSION = YES;
				CLANG_WARN_OBJC_ROOT_CLASS = YES_ERROR;
				CLANG_WARN_QUOTED_INCLUDE_IN_FRAMEWORK_HEADER = YES;
				CLANG_WARN_RANGE_LOOP_ANALYSIS = YES;
				CLANG_WARN_STRICT_PROTOTYPES = YES;
				CLANG_WARN_SUSPICIOUS_MOVE = YES;
				CLANG_WARN_UNGUARDED_AVAILABILITY = YES_AGGRESSIVE;
				CLANG_WARN_UNREACHABLE_CODE = YES;
				CLANG_WARN__DUPLICATE_METHOD_MATCH = YES;
				COPY_PHASE_STRIP = NO;
				DEBUG_INFORMATION_FORMAT = "dwarf-with-dsym";
				ENABLE_NS_ASSERTIONS = NO;
				ENABLE_STRICT_OBJC_MSGSEND = YES;
				GCC_C_LANGUAGE_STANDARD = gnu11;
				GCC_NO_COMMON_BLOCKS = YES;
				GCC_WARN_64_TO_32_BIT_CONVERSION = YES;
				GCC_WARN_ABOUT_RETURN_TYPE = YES_ERROR;
				GCC_WARN_UNDECLARED_SELECTOR = YES;
				GCC_WARN_UNINITIALIZED_AUTOS = YES_AGGRESSIVE;
				GCC_WARN_UNUSED_FUNCTION = YES;
				GCC_WARN_UNUSED_VARIABLE = YES;
				IPHONEOS_DEPLOYMENT_TARGET = 16.2;
				MTL_ENABLE_DEBUG_INFO = NO;
				MTL_FAST_MATH = YES;
				SDKROOT = iphoneos;
				SWIFT_COMPILATION_MODE = wholemodule;
				SWIFT_OPTIMIZATION_LEVEL = "-O";
				VALIDATE_PRODUCT = YES;
			};
			name = Release;
		};
		23AB63302B09943700F4481F /* Debug */ = {
			isa = XCBuildConfiguration;
			buildSettings = {
				ASSETCATALOG_COMPILER_APPICON_NAME = AppIcon;
				ASSETCATALOG_COMPILER_GLOBAL_ACCENT_COLOR_NAME = AccentColor;
				CODE_SIGN_STYLE = Automatic;
				CURRENT_PROJECT_VERSION = 1;
				DEVELOPMENT_ASSET_PATHS = "\"SwiftUI_Custom_Card_Carousels/Preview Content\"";
				DEVELOPMENT_TEAM = 4DZJGNL44Y;
				ENABLE_PREVIEWS = YES;
				GENERATE_INFOPLIST_FILE = YES;
				INFOPLIST_KEY_UIApplicationSceneManifest_Generation = YES;
				INFOPLIST_KEY_UIApplicationSupportsIndirectInputEvents = YES;
				INFOPLIST_KEY_UILaunchScreen_Generation = YES;
				INFOPLIST_KEY_UISupportedInterfaceOrientations_iPad = "UIInterfaceOrientationPortrait UIInterfaceOrientationPortraitUpsideDown UIInterfaceOrientationLandscapeLeft UIInterfaceOrientationLandscapeRight";
				INFOPLIST_KEY_UISupportedInterfaceOrientations_iPhone = "UIInterfaceOrientationPortrait UIInterfaceOrientationLandscapeLeft UIInterfaceOrientationLandscapeRight";
				LD_RUNPATH_SEARCH_PATHS = (
					"$(inherited)",
					"@executable_path/Frameworks",
				);
				MARKETING_VERSION = 1.0;
				PRODUCT_BUNDLE_IDENTIFIER = "d.SwiftUI-Custom-Card-Carousels";
				PRODUCT_NAME = "$(TARGET_NAME)";
				SWIFT_EMIT_LOC_STRINGS = YES;
				SWIFT_VERSION = 5.0;
				TARGETED_DEVICE_FAMILY = "1,2";
			};
			name = Debug;
		};
		23AB63312B09943700F4481F /* Release */ = {
			isa = XCBuildConfiguration;
			buildSettings = {
				ASSETCATALOG_COMPILER_APPICON_NAME = AppIcon;
				ASSETCATALOG_COMPILER_GLOBAL_ACCENT_COLOR_NAME = AccentColor;
				CODE_SIGN_STYLE = Automatic;
				CURRENT_PROJECT_VERSION = 1;
				DEVELOPMENT_ASSET_PATHS = "\"SwiftUI_Custom_Card_Carousels/Preview Content\"";
				DEVELOPMENT_TEAM = 4DZJGNL44Y;
				ENABLE_PREVIEWS = YES;
				GENERATE_INFOPLIST_FILE = YES;
				INFOPLIST_KEY_UIApplicationSceneManifest_Generation = YES;
				INFOPLIST_KEY_UIApplicationSupportsIndirectInputEvents = YES;
				INFOPLIST_KEY_UILaunchScreen_Generation = YES;
				INFOPLIST_KEY_UISupportedInterfaceOrientations_iPad = "UIInterfaceOrientationPortrait UIInterfaceOrientationPortraitUpsideDown UIInterfaceOrientationLandscapeLeft UIInterfaceOrientationLandscapeRight";
				INFOPLIST_KEY_UISupportedInterfaceOrientations_iPhone = "UIInterfaceOrientationPortrait UIInterfaceOrientationLandscapeLeft UIInterfaceOrientationLandscapeRight";
				LD_RUNPATH_SEARCH_PATHS = (
					"$(inherited)",
					"@executable_path/Frameworks",
				);
				MARKETING_VERSION = 1.0;
				PRODUCT_BUNDLE_IDENTIFIER = "d.SwiftUI-Custom-Card-Carousels";
				PRODUCT_NAME = "$(TARGET_NAME)";
				SWIFT_EMIT_LOC_STRINGS = YES;
				SWIFT_VERSION = 5.0;
				TARGETED_DEVICE_FAMILY = "1,2";
			};
			name = Release;
		};
/* End XCBuildConfiguration section */

/* Begin XCConfigurationList section */
		23AB631C2B09943600F4481F /* Build configuration list for PBXProject "SwiftUI_Custom_Card_Carousels" */ = {
			isa = XCConfigurationList;
			buildConfigurations = (
				23AB632D2B09943700F4481F /* Debug */,
				23AB632E2B09943700F4481F /* Release */,
			);
			defaultConfigurationIsVisible = 0;
			defaultConfigurationName = Release;
		};
		23AB632F2B09943700F4481F /* Build configuration list for PBXNativeTarget "SwiftUI_Custom_Card_Carousels" */ = {
			isa = XCConfigurationList;
			buildConfigurations = (
				23AB63302B09943700F4481F /* Debug */,
				23AB63312B09943700F4481F /* Release */,
			);
			defaultConfigurationIsVisible = 0;
			defaultConfigurationName = Release;
		};
/* End XCConfigurationList section */
	};
	rootObject = 23AB63192B09943600F4481F /* Project object */;
}
